
Microsoft Visual Studio Solution File, Format Version 12.00
# Visual Studio 15
VisualStudioVersion = 15.0.28307.329
MinimumVisualStudioVersion = 10.0.40219.1
Project("{8BC9CEB8-8B4A-11D0-8D11-00A0C91BC942}") = "AIAS_lab3", "AIAS_lab3\AIAS_lab3.vcxproj", "{4580AEF0-749B-44F6-AB62-5F1A1DA748B4}"
EndProject
Global
	GlobalSection(SolutionConfigurationPlatforms) = preSolution
		Debug|x64 = Debug|x64
		Debug|x86 = Debug|x86
		Release|x64 = Release|x64
		Release|x86 = Release|x86
	EndGlobalSection
	GlobalSection(ProjectConfigurationPlatforms) = postSolution
		{4580AEF0-749B-44F6-AB62-5F1A1DA748B4}.Debug|x64.ActiveCfg = Debug|x64
		{4580AEF0-749B-44F6-AB62-5F1A1DA748B4}.Debug|x64.Build.0 = Debug|x64
		{4580AEF0-749B-44F6-AB62-5F1A1DA748B4}.Debug|x86.ActiveCfg = Debug|Win32
		{4580AEF0-749B-44F6-AB62-5F1A1DA748B4}.Debug|x86.Build.0 = Debug|Win32
		{4580AEF0-749B-44F6-AB62-5F1A1DA748B4}.Release|x64.ActiveCfg = Release|x64
		{4580AEF0-749B-44F6-AB62-5F1A1DA748B4}.Release|x64.Build.0 = Release|x64
		{4580AEF0-749B-44F6-AB62-5F1A1DA748B4}.Release|x86.ActiveCfg = Release|Win32
		{4580AEF0-749B-44F6-AB62-5F1A1DA748B4}.Release|x86.Build.0 = Release|Win32
	EndGlobalSection
	GlobalSection(SolutionProperties) = preSolution
		HideSolutionNode = FALSE
	EndGlobalSection
	GlobalSection(ExtensibilityGlobals) = postSolution
		SolutionGuid = {BCA4D51E-6D30-43B2-840F-C63650D28944}
	EndGlobalSection
EndGlobal
